{
  "name": "Project",
  "lockfileVersion": 2,
  "requires": true,
  "packages": {
    "": {
      "dependencies": {
        "@comunica/logger-pretty": "^1.18.1"
      }
    },
    "node_modules/@comunica/core": {
      "version": "1.18.1",
      "resolved": "https://registry.npmjs.org/@comunica/core/-/core-1.18.1.tgz",
      "integrity": "sha512-wXLOu/Wkt0zUy6XwI4W7IaXkcLmEkxs0P/xWY3huMdG5ixvFxVlOz+EuKz5sNCpeGiqZsMON4I9YvgiUlnZv0Q==",
      "peer": true,
      "dependencies": {
        "immutable": "^3.8.2"
      },
      "engines": {
        "node": ">=8.0"
      }
    },
    "node_modules/@comunica/logger-pretty": {
      "version": "1.18.1",
      "resolved": "https://registry.npmjs.org/@comunica/logger-pretty/-/logger-pretty-1.18.1.tgz",
      "integrity": "sha512-x0MPfyFyvB51h5O82iNt958fgF1Jw2hOb9ex60XrkHeb+++Bpg83c3RuVmcGEtWGUndNydPgugeaz2zY/OEEkw==",
      "peerDependencies": {
        "@comunica/core": "^1.0.0"
      }
    },
    "node_modules/immutable": {
      "version": "3.8.2",
      "resolved": "https://registry.npmjs.org/immutable/-/immutable-3.8.2.tgz",
      "integrity": "sha1-wkOZUUVbs5kT2vKBN28VMOEErfM=",
      "peer": true,
      "engines": {
        "node": ">=0.10.0"
      }
    }
  },
  "dependencies": {
    "@comunica/core": {
      "version": "1.18.1",
      "resolved": "https://registry.npmjs.org/@comunica/core/-/core-1.18.1.tgz",
      "integrity": "sha512-wXLOu/Wkt0zUy6XwI4W7IaXkcLmEkxs0P/xWY3huMdG5ixvFxVlOz+EuKz5sNCpeGiqZsMON4I9YvgiUlnZv0Q==",
      "peer": true,
      "requires": {
        "immutable": "^3.8.2"
      }
    },
    "@comunica/logger-pretty": {
      "version": "1.18.1",
      "resolved": "https://registry.npmjs.org/@comunica/logger-pretty/-/logger-pretty-1.18.1.tgz",
      "integrity": "sha512-x0MPfyFyvB51h5O82iNt958fgF1Jw2hOb9ex60XrkHeb+++Bpg83c3RuVmcGEtWGUndNydPgugeaz2zY/OEEkw==",
      "requires": {}
    },
    "immutable": {
      "version": "3.8.2",
      "resolved": "https://registry.npmjs.org/immutable/-/immutable-3.8.2.tgz",
      "integrity": "sha1-wkOZUUVbs5kT2vKBN28VMOEErfM=",
      "peer": true
    }
  }
}
